
Microsoft Visual Studio Solution File, Format Version 12.00
# Visual Studio Version 16
VisualStudioVersion = 16.0.30320.27
MinimumVisualStudioVersion = 10.0.40219.1
Project("{2150E333-8FDC-42A3-9474-1A3956D46DE8}") = "antes", "antes", "{9C02FA03-63F9-42F6-B58D-BDA7B8558485}"
EndProject
Project("{2150E333-8FDC-42A3-9474-1A3956D46DE8}") = "Item01 - Criando Web API de Relatório", "Item01 - Criando Web API de Relatório", "{7385F338-42FF-4F72-8409-F984205D01BC}"
EndProject
Project("{9A19103F-16F7-4668-BE54-9A1E7A4F7556}") = "CasaDoCodigo.MVC", "antes\Item01\CasaDoCodigo\CasaDoCodigo.MVC.csproj", "{F3012B48-952C-4EFA-9D79-FE9ABDBC2B9C}"
EndProject
Project("{9A19103F-16F7-4668-BE54-9A1E7A4F7556}") = "CasaDoCodigo.RelatorioWebApi1", "antes\Item01\CasaDoCodigo.RelatorioWebApi1\CasaDoCodigo.RelatorioWebApi1.csproj", "{94ACCFDC-6299-477A-BB97-4DBE301E0C44}"
EndProject
Project("{9A19103F-16F7-4668-BE54-9A1E7A4F7556}") = "CasaDoCodigo.IdentityServer", "antes\Item01\CasaDoCodigo.IdentityServer\CasaDoCodigo.IdentityServer.csproj", "{4F714700-BA1C-49B3-9AA0-261EF1C7B2C5}"
EndProject
Global
	GlobalSection(SolutionConfigurationPlatforms) = preSolution
		Debug|Any CPU = Debug|Any CPU
		Release|Any CPU = Release|Any CPU
	EndGlobalSection
	GlobalSection(ProjectConfigurationPlatforms) = postSolution
		{F3012B48-952C-4EFA-9D79-FE9ABDBC2B9C}.Debug|Any CPU.ActiveCfg = Debug|Any CPU
		{F3012B48-952C-4EFA-9D79-FE9ABDBC2B9C}.Debug|Any CPU.Build.0 = Debug|Any CPU
		{F3012B48-952C-4EFA-9D79-FE9ABDBC2B9C}.Release|Any CPU.ActiveCfg = Release|Any CPU
		{F3012B48-952C-4EFA-9D79-FE9ABDBC2B9C}.Release|Any CPU.Build.0 = Release|Any CPU
		{94ACCFDC-6299-477A-BB97-4DBE301E0C44}.Debug|Any CPU.ActiveCfg = Debug|Any CPU
		{94ACCFDC-6299-477A-BB97-4DBE301E0C44}.Debug|Any CPU.Build.0 = Debug|Any CPU
		{94ACCFDC-6299-477A-BB97-4DBE301E0C44}.Release|Any CPU.ActiveCfg = Release|Any CPU
		{94ACCFDC-6299-477A-BB97-4DBE301E0C44}.Release|Any CPU.Build.0 = Release|Any CPU
		{4F714700-BA1C-49B3-9AA0-261EF1C7B2C5}.Debug|Any CPU.ActiveCfg = Debug|Any CPU
		{4F714700-BA1C-49B3-9AA0-261EF1C7B2C5}.Debug|Any CPU.Build.0 = Debug|Any CPU
		{4F714700-BA1C-49B3-9AA0-261EF1C7B2C5}.Release|Any CPU.ActiveCfg = Release|Any CPU
		{4F714700-BA1C-49B3-9AA0-261EF1C7B2C5}.Release|Any CPU.Build.0 = Release|Any CPU
	EndGlobalSection
	GlobalSection(SolutionProperties) = preSolution
		HideSolutionNode = FALSE
	EndGlobalSection
	GlobalSection(NestedProjects) = preSolution
		{7385F338-42FF-4F72-8409-F984205D01BC} = {9C02FA03-63F9-42F6-B58D-BDA7B8558485}
		{F3012B48-952C-4EFA-9D79-FE9ABDBC2B9C} = {7385F338-42FF-4F72-8409-F984205D01BC}
		{94ACCFDC-6299-477A-BB97-4DBE301E0C44} = {7385F338-42FF-4F72-8409-F984205D01BC}
		{4F714700-BA1C-49B3-9AA0-261EF1C7B2C5} = {7385F338-42FF-4F72-8409-F984205D01BC}
	EndGlobalSection
	GlobalSection(ExtensibilityGlobals) = postSolution
		SolutionGuid = {398437CA-EB7F-4F16-ACEE-7A7D1534AD08}
	EndGlobalSection
EndGlobal
